
Microsoft Visual Studio Solution File, Format Version 12.00
# Visual Studio 15
VisualStudioVersion = 15.0.26430.6
MinimumVisualStudioVersion = 10.0.40219.1
Project("{2150E333-8FDC-42A3-9474-1A3956D46DE8}") = "BackEnd", "BackEnd", "{1505E265-CD54-4369-82CA-DB2737EF185F}"
EndProject
Project("{FAE04EC0-301F-11D3-BF4B-00C04F79EFBC}") = "GiveOrTake.BackEnd", "GiveOrTake.BackEnd\GiveOrTake.BackEnd.csproj", "{ACCACD78-5E21-4ABF-9240-F8E912181CEB}"
EndProject
Project("{2150E333-8FDC-42A3-9474-1A3956D46DE8}") = "Shared", "Shared", "{18FF2C87-66A2-4967-B4F3-09DB179E914B}"
EndProject
Project("{FAE04EC0-301F-11D3-BF4B-00C04F79EFBC}") = "GiveOrTake.Database", "GiveOrTake.Database\GiveOrTake.Database.csproj", "{FB17AF8D-7BF3-48DE-99DE-2D64DE2F16DF}"
EndProject
Project("{FAE04EC0-301F-11D3-BF4B-00C04F79EFBC}") = "GiveOrTake.Utilities", "GiveOrTake.Utilities\GiveOrTake.Utilities.csproj", "{C6475349-F10F-418D-A604-5E955B0BC062}"
EndProject
Project("{FAE04EC0-301F-11D3-BF4B-00C04F79EFBC}") = "GiveOrTake.Tests", "GiveOrTake.Tests\GiveOrTake.Tests.csproj", "{73DD40AA-85F1-494F-93BF-69C5D99CB3DA}"
EndProject
Global
	GlobalSection(SolutionConfigurationPlatforms) = preSolution
		Debug|Any CPU = Debug|Any CPU
		Debug|ARM = Debug|ARM
		Debug|x64 = Debug|x64
		Debug|x86 = Debug|x86
		Release|Any CPU = Release|Any CPU
		Release|ARM = Release|ARM
		Release|x64 = Release|x64
		Release|x86 = Release|x86
	EndGlobalSection
	GlobalSection(ProjectConfigurationPlatforms) = postSolution
		{ACCACD78-5E21-4ABF-9240-F8E912181CEB}.Debug|Any CPU.ActiveCfg = Debug|Any CPU
		{ACCACD78-5E21-4ABF-9240-F8E912181CEB}.Debug|Any CPU.Build.0 = Debug|Any CPU
		{ACCACD78-5E21-4ABF-9240-F8E912181CEB}.Debug|ARM.ActiveCfg = Debug|Any CPU
		{ACCACD78-5E21-4ABF-9240-F8E912181CEB}.Debug|ARM.Build.0 = Debug|Any CPU
		{ACCACD78-5E21-4ABF-9240-F8E912181CEB}.Debug|x64.ActiveCfg = Debug|Any CPU
		{ACCACD78-5E21-4ABF-9240-F8E912181CEB}.Debug|x64.Build.0 = Debug|Any CPU
		{ACCACD78-5E21-4ABF-9240-F8E912181CEB}.Debug|x86.ActiveCfg = Debug|Any CPU
		{ACCACD78-5E21-4ABF-9240-F8E912181CEB}.Debug|x86.Build.0 = Debug|Any CPU
		{ACCACD78-5E21-4ABF-9240-F8E912181CEB}.Release|Any CPU.ActiveCfg = Release|Any CPU
		{ACCACD78-5E21-4ABF-9240-F8E912181CEB}.Release|Any CPU.Build.0 = Release|Any CPU
		{ACCACD78-5E21-4ABF-9240-F8E912181CEB}.Release|ARM.ActiveCfg = Release|Any CPU
		{ACCACD78-5E21-4ABF-9240-F8E912181CEB}.Release|ARM.Build.0 = Release|Any CPU
		{ACCACD78-5E21-4ABF-9240-F8E912181CEB}.Release|x64.ActiveCfg = Release|Any CPU
		{ACCACD78-5E21-4ABF-9240-F8E912181CEB}.Release|x64.Build.0 = Release|Any CPU
		{ACCACD78-5E21-4ABF-9240-F8E912181CEB}.Release|x86.ActiveCfg = Release|Any CPU
		{ACCACD78-5E21-4ABF-9240-F8E912181CEB}.Release|x86.Build.0 = Release|Any CPU
		{FB17AF8D-7BF3-48DE-99DE-2D64DE2F16DF}.Debug|Any CPU.ActiveCfg = Debug|Any CPU
		{FB17AF8D-7BF3-48DE-99DE-2D64DE2F16DF}.Debug|Any CPU.Build.0 = Debug|Any CPU
		{FB17AF8D-7BF3-48DE-99DE-2D64DE2F16DF}.Debug|ARM.ActiveCfg = Debug|Any CPU
		{FB17AF8D-7BF3-48DE-99DE-2D64DE2F16DF}.Debug|ARM.Build.0 = Debug|Any CPU
		{FB17AF8D-7BF3-48DE-99DE-2D64DE2F16DF}.Debug|x64.ActiveCfg = Debug|Any CPU
		{FB17AF8D-7BF3-48DE-99DE-2D64DE2F16DF}.Debug|x64.Build.0 = Debug|Any CPU
		{FB17AF8D-7BF3-48DE-99DE-2D64DE2F16DF}.Debug|x86.ActiveCfg = Debug|Any CPU
		{FB17AF8D-7BF3-48DE-99DE-2D64DE2F16DF}.Debug|x86.Build.0 = Debug|Any CPU
		{FB17AF8D-7BF3-48DE-99DE-2D64DE2F16DF}.Release|Any CPU.ActiveCfg = Release|Any CPU
		{FB17AF8D-7BF3-48DE-99DE-2D64DE2F16DF}.Release|Any CPU.Build.0 = Release|Any CPU
		{FB17AF8D-7BF3-48DE-99DE-2D64DE2F16DF}.Release|ARM.ActiveCfg = Release|Any CPU
		{FB17AF8D-7BF3-48DE-99DE-2D64DE2F16DF}.Release|ARM.Build.0 = Release|Any CPU
		{FB17AF8D-7BF3-48DE-99DE-2D64DE2F16DF}.Release|x64.ActiveCfg = Release|Any CPU
		{FB17AF8D-7BF3-48DE-99DE-2D64DE2F16DF}.Release|x64.Build.0 = Release|Any CPU
		{FB17AF8D-7BF3-48DE-99DE-2D64DE2F16DF}.Release|x86.ActiveCfg = Release|Any CPU
		{FB17AF8D-7BF3-48DE-99DE-2D64DE2F16DF}.Release|x86.Build.0 = Release|Any CPU
		{C6475349-F10F-418D-A604-5E955B0BC062}.Debug|Any CPU.ActiveCfg = Debug|Any CPU
		{C6475349-F10F-418D-A604-5E955B0BC062}.Debug|Any CPU.Build.0 = Debug|Any CPU
		{C6475349-F10F-418D-A604-5E955B0BC062}.Debug|ARM.ActiveCfg = Debug|Any CPU
		{C6475349-F10F-418D-A604-5E955B0BC062}.Debug|ARM.Build.0 = Debug|Any CPU
		{C6475349-F10F-418D-A604-5E955B0BC062}.Debug|x64.ActiveCfg = Debug|Any CPU
		{C6475349-F10F-418D-A604-5E955B0BC062}.Debug|x64.Build.0 = Debug|Any CPU
		{C6475349-F10F-418D-A604-5E955B0BC062}.Debug|x86.ActiveCfg = Debug|Any CPU
		{C6475349-F10F-418D-A604-5E955B0BC062}.Debug|x86.Build.0 = Debug|Any CPU
		{C6475349-F10F-418D-A604-5E955B0BC062}.Release|Any CPU.ActiveCfg = Release|Any CPU
		{C6475349-F10F-418D-A604-5E955B0BC062}.Release|Any CPU.Build.0 = Release|Any CPU
		{C6475349-F10F-418D-A604-5E955B0BC062}.Release|ARM.ActiveCfg = Release|Any CPU
		{C6475349-F10F-418D-A604-5E955B0BC062}.Release|ARM.Build.0 = Release|Any CPU
		{C6475349-F10F-418D-A604-5E955B0BC062}.Release|x64.ActiveCfg = Release|Any CPU
		{C6475349-F10F-418D-A604-5E955B0BC062}.Release|x64.Build.0 = Release|Any CPU
		{C6475349-F10F-418D-A604-5E955B0BC062}.Release|x86.ActiveCfg = Release|Any CPU
		{C6475349-F10F-418D-A604-5E955B0BC062}.Release|x86.Build.0 = Release|Any CPU
		{73DD40AA-85F1-494F-93BF-69C5D99CB3DA}.Debug|Any CPU.ActiveCfg = Debug|Any CPU
		{73DD40AA-85F1-494F-93BF-69C5D99CB3DA}.Debug|Any CPU.Build.0 = Debug|Any CPU
		{73DD40AA-85F1-494F-93BF-69C5D99CB3DA}.Debug|ARM.ActiveCfg = Debug|Any CPU
		{73DD40AA-85F1-494F-93BF-69C5D99CB3DA}.Debug|ARM.Build.0 = Debug|Any CPU
		{73DD40AA-85F1-494F-93BF-69C5D99CB3DA}.Debug|x64.ActiveCfg = Debug|Any CPU
		{73DD40AA-85F1-494F-93BF-69C5D99CB3DA}.Debug|x64.Build.0 = Debug|Any CPU
		{73DD40AA-85F1-494F-93BF-69C5D99CB3DA}.Debug|x86.ActiveCfg = Debug|Any CPU
		{73DD40AA-85F1-494F-93BF-69C5D99CB3DA}.Debug|x86.Build.0 = Debug|Any CPU
		{73DD40AA-85F1-494F-93BF-69C5D99CB3DA}.Release|Any CPU.ActiveCfg = Release|Any CPU
		{73DD40AA-85F1-494F-93BF-69C5D99CB3DA}.Release|Any CPU.Build.0 = Release|Any CPU
		{73DD40AA-85F1-494F-93BF-69C5D99CB3DA}.Release|ARM.ActiveCfg = Release|Any CPU
		{73DD40AA-85F1-494F-93BF-69C5D99CB3DA}.Release|ARM.Build.0 = Release|Any CPU
		{73DD40AA-85F1-494F-93BF-69C5D99CB3DA}.Release|x64.ActiveCfg = Release|Any CPU
		{73DD40AA-85F1-494F-93BF-69C5D99CB3DA}.Release|x64.Build.0 = Release|Any CPU
		{73DD40AA-85F1-494F-93BF-69C5D99CB3DA}.Release|x86.ActiveCfg = Release|Any CPU
		{73DD40AA-85F1-494F-93BF-69C5D99CB3DA}.Release|x86.Build.0 = Release|Any CPU
	EndGlobalSection
	GlobalSection(SolutionProperties) = preSolution
		HideSolutionNode = FALSE
	EndGlobalSection
	GlobalSection(NestedProjects) = preSolution
		{ACCACD78-5E21-4ABF-9240-F8E912181CEB} = {1505E265-CD54-4369-82CA-DB2737EF185F}
		{FB17AF8D-7BF3-48DE-99DE-2D64DE2F16DF} = {18FF2C87-66A2-4967-B4F3-09DB179E914B}
		{C6475349-F10F-418D-A604-5E955B0BC062} = {18FF2C87-66A2-4967-B4F3-09DB179E914B}
		{73DD40AA-85F1-494F-93BF-69C5D99CB3DA} = {18FF2C87-66A2-4967-B4F3-09DB179E914B}
	EndGlobalSection
EndGlobal
