
Microsoft Visual Studio Solution File, Format Version 12.00
# Visual Studio 15
VisualStudioVersion = 15.0.26403.7
MinimumVisualStudioVersion = 10.0.40219.1
Project("{2150E333-8FDC-42A3-9474-1A3956D46DE8}") = "BackEnd", "BackEnd", "{1505E265-CD54-4369-82CA-DB2737EF185F}"
EndProject
Project("{2150E333-8FDC-42A3-9474-1A3956D46DE8}") = "MySQL", "MySQL", "{42D61D93-FCCA-4836-A81C-D7B448875168}"
	ProjectSection(SolutionItems) = preProject
		GiveOrTake.Db\Definition.sql = GiveOrTake.Db\Definition.sql
	EndProjectSection
EndProject
Project("{2150E333-8FDC-42A3-9474-1A3956D46DE8}") = "Shared", "Shared", "{E9F5EC8A-5B72-4207-BF4F-AC9DEBD980F0}"
EndProject
Project("{9A19103F-16F7-4668-BE54-9A1E7A4F7556}") = "GiveOrTake.Database", "GiveOrTake.Database\GiveOrTake.Database.csproj", "{86467F95-7850-4C03-8DDD-3376C5E171E4}"
EndProject
Project("{9A19103F-16F7-4668-BE54-9A1E7A4F7556}") = "GiveOrTake.BackEnd", "GiveOrTake.BackEnd\GiveOrTake.BackEnd.csproj", "{ACCACD78-5E21-4ABF-9240-F8E912181CEB}"
EndProject
Global
	GlobalSection(SolutionConfigurationPlatforms) = preSolution
		Debug|Any CPU = Debug|Any CPU
		Release|Any CPU = Release|Any CPU
	EndGlobalSection
	GlobalSection(ProjectConfigurationPlatforms) = postSolution
		{86467F95-7850-4C03-8DDD-3376C5E171E4}.Debug|Any CPU.ActiveCfg = Debug|Any CPU
		{86467F95-7850-4C03-8DDD-3376C5E171E4}.Debug|Any CPU.Build.0 = Debug|Any CPU
		{86467F95-7850-4C03-8DDD-3376C5E171E4}.Release|Any CPU.ActiveCfg = Release|Any CPU
		{86467F95-7850-4C03-8DDD-3376C5E171E4}.Release|Any CPU.Build.0 = Release|Any CPU
		{ACCACD78-5E21-4ABF-9240-F8E912181CEB}.Debug|Any CPU.ActiveCfg = Debug|Any CPU
		{ACCACD78-5E21-4ABF-9240-F8E912181CEB}.Debug|Any CPU.Build.0 = Debug|Any CPU
		{ACCACD78-5E21-4ABF-9240-F8E912181CEB}.Release|Any CPU.ActiveCfg = Release|Any CPU
		{ACCACD78-5E21-4ABF-9240-F8E912181CEB}.Release|Any CPU.Build.0 = Release|Any CPU
	EndGlobalSection
	GlobalSection(SolutionProperties) = preSolution
		HideSolutionNode = FALSE
	EndGlobalSection
	GlobalSection(NestedProjects) = preSolution
		{86467F95-7850-4C03-8DDD-3376C5E171E4} = {E9F5EC8A-5B72-4207-BF4F-AC9DEBD980F0}
		{ACCACD78-5E21-4ABF-9240-F8E912181CEB} = {1505E265-CD54-4369-82CA-DB2737EF185F}
	EndGlobalSection
EndGlobal
